
Microsoft Visual Studio Solution File, Format Version 12.00
# Visual Studio Version 16
VisualStudioVersion = 16.0.32602.291
MinimumVisualStudioVersion = 10.0.40219.1
Project("{FAE04EC0-301F-11D3-BF4B-00C04F79EFBC}") = "LLIntroducingEntityFramework", "LLIntroducingEntityFramework.csproj", "{5219476F-2A77-4071-B0E4-DBC5031476AD}"
EndProject
Global
	GlobalSection(SolutionConfigurationPlatforms) = preSolution
		Debug|Any CPU = Debug|Any CPU
		Release|Any CPU = Release|Any CPU
	EndGlobalSection
	GlobalSection(ProjectConfigurationPlatforms) = postSolution
		{5219476F-2A77-4071-B0E4-DBC5031476AD}.Debug|Any CPU.ActiveCfg = Debug|Any CPU
		{5219476F-2A77-4071-B0E4-DBC5031476AD}.Debug|Any CPU.Build.0 = Debug|Any CPU
		{5219476F-2A77-4071-B0E4-DBC5031476AD}.Release|Any CPU.ActiveCfg = Release|Any CPU
		{5219476F-2A77-4071-B0E4-DBC5031476AD}.Release|Any CPU.Build.0 = Release|Any CPU
	EndGlobalSection
	GlobalSection(SolutionProperties) = preSolution
		HideSolutionNode = FALSE
	EndGlobalSection
	GlobalSection(ExtensibilityGlobals) = postSolution
		SolutionGuid = {EF2C7E93-5F69-48F4-AAEF-E199A2250AE3}
	EndGlobalSection
EndGlobal
